// !$*UTF8*$!
{
	archiveVersion = 1;
	classes = {
	};
	objectVersion = 50;
	objects = {

/* Begin PBXBuildFile section */
		52D53C63243EF91900179925 /* AppDelegate.m in Sources */ = {isa = PBXBuildFile; fileRef = 52D53C62243EF91900179925 /* AppDelegate.m */; };
		52D53C66243EF91900179925 /* ViewController.m in Sources */ = {isa = PBXBuildFile; fileRef = 52D53C65243EF91900179925 /* ViewController.m */; };
		52D53C68243EF91B00179925 /* Assets.xcassets in Resources */ = {isa = PBXBuildFile; fileRef = 52D53C67243EF91B00179925 /* Assets.xcassets */; };
		52D53C6B243EF91B00179925 /* Main.storyboard in Resources */ = {isa = PBXBuildFile; fileRef = 52D53C69243EF91B00179925 /* Main.storyboard */; };
		52D53C6E243EF91B00179925 /* main.m in Sources */ = {isa = PBXBuildFile; fileRef = 52D53C6D243EF91B00179925 /* main.m */; };
		52D53C73243EF92700179925 /* PLTask.m in Sources */ = {isa = PBXBuildFile; fileRef = 8552083B243E25FF002ACE11 /* PLTask.m */; };
		85520834243E25F0002ACE11 /* main.m in Sources */ = {isa = PBXBuildFile; fileRef = 85520833243E25F0002ACE11 /* main.m */; };
		8552083C243E25FF002ACE11 /* PLTask.m in Sources */ = {isa = PBXBuildFile; fileRef = 8552083B243E25FF002ACE11 /* PLTask.m */; };
/* End PBXBuildFile section */

/* Begin PBXCopyFilesBuildPhase section */
		8552082E243E25F0002ACE11 /* CopyFiles */ = {
			isa = PBXCopyFilesBuildPhase;
			buildActionMask = 2147483647;
			dstPath = /usr/share/man/man1/;
			dstSubfolderSpec = 0;
			files = (
			);
			runOnlyForDeploymentPostprocessing = 1;
		};
/* End PBXCopyFilesBuildPhase section */

/* Begin PBXFileReference section */
		52D53C5F243EF91900179925 /* Demo.app */ = {isa = PBXFileReference; explicitFileType = wrapper.application; includeInIndex = 0; path = Demo.app; sourceTree = BUILT_PRODUCTS_DIR; };
		52D53C61243EF91900179925 /* AppDelegate.h */ = {isa = PBXFileReference; lastKnownFileType = sourcecode.c.h; path = AppDelegate.h; sourceTree = "<group>"; };
		52D53C62243EF91900179925 /* AppDelegate.m */ = {isa = PBXFileReference; lastKnownFileType = sourcecode.c.objc; path = AppDelegate.m; sourceTree = "<group>"; };
		52D53C64243EF91900179925 /* ViewController.h */ = {isa = PBXFileReference; lastKnownFileType = sourcecode.c.h; path = ViewController.h; sourceTree = "<group>"; };
		52D53C65243EF91900179925 /* ViewController.m */ = {isa = PBXFileReference; lastKnownFileType = sourcecode.c.objc; path = ViewController.m; sourceTree = "<group>"; };
		52D53C67243EF91B00179925 /* Assets.xcassets */ = {isa = PBXFileReference; lastKnownFileType = folder.assetcatalog; path = Assets.xcassets; sourceTree = "<group>"; };
		52D53C6A243EF91B00179925 /* Base */ = {isa = PBXFileReference; lastKnownFileType = file.storyboard; name = Base; path = Base.lproj/Main.storyboard; sourceTree = "<group>"; };
		52D53C6C243EF91B00179925 /* Info.plist */ = {isa = PBXFileReference; lastKnownFileType = text.plist.xml; path = Info.plist; sourceTree = "<group>"; };
		52D53C6D243EF91B00179925 /* main.m */ = {isa = PBXFileReference; lastKnownFileType = sourcecode.c.objc; path = main.m; sourceTree = "<group>"; };
		52D53C6F243EF91B00179925 /* Demo.entitlements */ = {isa = PBXFileReference; lastKnownFileType = text.plist.entitlements; path = Demo.entitlements; sourceTree = "<group>"; };
		85520830243E25F0002ACE11 /* PLTask */ = {isa = PBXFileReference; explicitFileType = "compiled.mach-o.executable"; includeInIndex = 0; path = PLTask; sourceTree = BUILT_PRODUCTS_DIR; };
		85520833243E25F0002ACE11 /* main.m */ = {isa = PBXFileReference; lastKnownFileType = sourcecode.c.objc; path = main.m; sourceTree = "<group>"; };
		8552083A243E25FF002ACE11 /* PLTask.h */ = {isa = PBXFileReference; lastKnownFileType = sourcecode.c.h; path = PLTask.h; sourceTree = "<group>"; };
		8552083B243E25FF002ACE11 /* PLTask.m */ = {isa = PBXFileReference; lastKnownFileType = sourcecode.c.objc; path = PLTask.m; sourceTree = "<group>"; };
/* End PBXFileReference section */

/* Begin PBXFrameworksBuildPhase section */
		52D53C5C243EF91900179925 /* Frameworks */ = {
			isa = PBXFrameworksBuildPhase;
			buildActionMask = 2147483647;
			files = (
			);
			runOnlyForDeploymentPostprocessing = 0;
		};
		8552082D243E25F0002ACE11 /* Frameworks */ = {
			isa = PBXFrameworksBuildPhase;
			buildActionMask = 2147483647;
			files = (
			);
			runOnlyForDeploymentPostprocessing = 0;
		};
/* End PBXFrameworksBuildPhase section */

/* Begin PBXGroup section */
		52D53C60243EF91900179925 /* Demo */ = {
			isa = PBXGroup;
			children = (
				52D53C61243EF91900179925 /* AppDelegate.h */,
				52D53C62243EF91900179925 /* AppDelegate.m */,
				52D53C64243EF91900179925 /* ViewController.h */,
				52D53C65243EF91900179925 /* ViewController.m */,
				52D53C67243EF91B00179925 /* Assets.xcassets */,
				52D53C69243EF91B00179925 /* Main.storyboard */,
				52D53C6C243EF91B00179925 /* Info.plist */,
				52D53C6D243EF91B00179925 /* main.m */,
				52D53C6F243EF91B00179925 /* Demo.entitlements */,
			);
			path = Demo;
			sourceTree = "<group>";
		};
		85520827243E25F0002ACE11 = {
			isa = PBXGroup;
			children = (
				85520832243E25F0002ACE11 /* PLTask */,
				52D53C60243EF91900179925 /* Demo */,
				85520831243E25F0002ACE11 /* Products */,
			);
			sourceTree = "<group>";
		};
		85520831243E25F0002ACE11 /* Products */ = {
			isa = PBXGroup;
			children = (
				85520830243E25F0002ACE11 /* PLTask */,
				52D53C5F243EF91900179925 /* Demo.app */,
			);
			name = Products;
			sourceTree = "<group>";
		};
		85520832243E25F0002ACE11 /* PLTask */ = {
			isa = PBXGroup;
			children = (
				85520833243E25F0002ACE11 /* main.m */,
				8552083A243E25FF002ACE11 /* PLTask.h */,
				8552083B243E25FF002ACE11 /* PLTask.m */,
			);
			path = PLTask;
			sourceTree = "<group>";
		};
/* End PBXGroup section */

/* Begin PBXNativeTarget section */
		52D53C5E243EF91900179925 /* Demo */ = {
			isa = PBXNativeTarget;
			buildConfigurationList = 52D53C72243EF91B00179925 /* Build configuration list for PBXNativeTarget "Demo" */;
			buildPhases = (
				52D53C5B243EF91900179925 /* Sources */,
				52D53C5C243EF91900179925 /* Frameworks */,
				52D53C5D243EF91900179925 /* Resources */,
			);
			buildRules = (
			);
			dependencies = (
			);
			name = Demo;
			productName = Demo;
			productReference = 52D53C5F243EF91900179925 /* Demo.app */;
			productType = "com.apple.product-type.application";
		};
		8552082F243E25F0002ACE11 /* PLTask */ = {
			isa = PBXNativeTarget;
			buildConfigurationList = 85520837243E25F0002ACE11 /* Build configuration list for PBXNativeTarget "PLTask" */;
			buildPhases = (
				8552082C243E25F0002ACE11 /* Sources */,
				8552082D243E25F0002ACE11 /* Frameworks */,
				8552082E243E25F0002ACE11 /* CopyFiles */,
			);
			buildRules = (
			);
			dependencies = (
			);
			name = PLTask;
			productName = PLTask;
			productReference = 85520830243E25F0002ACE11 /* PLTask */;
			productType = "com.apple.product-type.tool";
		};
/* End PBXNativeTarget section */

/* Begin PBXProject section */
		85520828243E25F0002ACE11 /* Project object */ = {
			isa = PBXProject;
			attributes = {
				LastUpgradeCheck = 1130;
				ORGANIZATIONNAME = pillar;
				TargetAttributes = {
					52D53C5E243EF91900179925 = {
						CreatedOnToolsVersion = 11.4;
					};
					8552082F243E25F0002ACE11 = {
						CreatedOnToolsVersion = 11.3.1;
					};
				};
			};
			buildConfigurationList = 8552082B243E25F0002ACE11 /* Build configuration list for PBXProject "PLTask" */;
			compatibilityVersion = "Xcode 9.3";
			developmentRegion = en;
			hasScannedForEncodings = 0;
			knownRegions = (
				en,
				Base,
			);
			mainGroup = 85520827243E25F0002ACE11;
			productRefGroup = 85520831243E25F0002ACE11 /* Products */;
			projectDirPath = "";
			projectRoot = "";
			targets = (
				8552082F243E25F0002ACE11 /* PLTask */,
				52D53C5E243EF91900179925 /* Demo */,
			);
		};
/* End PBXProject section */

/* Begin PBXResourcesBuildPhase section */
		52D53C5D243EF91900179925 /* Resources */ = {
			isa = PBXResourcesBuildPhase;
			buildActionMask = 2147483647;
			files = (
				52D53C68243EF91B00179925 /* Assets.xcassets in Resources */,
				52D53C6B243EF91B00179925 /* Main.storyboard in Resources */,
			);
			runOnlyForDeploymentPostprocessing = 0;
		};
/* End PBXResourcesBuildPhase section */

/* Begin PBXSourcesBuildPhase section */
		52D53C5B243EF91900179925 /* Sources */ = {
			isa = PBXSourcesBuildPhase;
			buildActionMask = 2147483647;
			files = (
				52D53C66243EF91900179925 /* ViewController.m in Sources */,
				52D53C6E243EF91B00179925 /* main.m in Sources */,
				52D53C73243EF92700179925 /* PLTask.m in Sources */,
				52D53C63243EF91900179925 /* AppDelegate.m in Sources */,
			);
			runOnlyForDeploymentPostprocessing = 0;
		};
		8552082C243E25F0002ACE11 /* Sources */ = {
			isa = PBXSourcesBuildPhase;
			buildActionMask = 2147483647;
			files = (
				8552083C243E25FF002ACE11 /* PLTask.m in Sources */,
				85520834243E25F0002ACE11 /* main.m in Sources */,
			);
			runOnlyForDeploymentPostprocessing = 0;
		};
/* End PBXSourcesBuildPhase section */

/* Begin PBXVariantGroup section */
		52D53C69243EF91B00179925 /* Main.storyboard */ = {
			isa = PBXVariantGroup;
			children = (
				52D53C6A243EF91B00179925 /* Base */,
			);
			name = Main.storyboard;
			sourceTree = "<group>";
		};
/* End PBXVariantGroup section */

/* Begin XCBuildConfiguration section */
		52D53C70243EF91B00179925 /* Debug */ = {
			isa = XCBuildConfiguration;
			buildSettings = {
				ASSETCATALOG_COMPILER_APPICON_NAME = AppIcon;
				CODE_SIGN_ENTITLEMENTS = Demo/Demo.entitlements;
				CODE_SIGN_STYLE = Automatic;
				COMBINE_HIDPI_IMAGES = YES;
				INFOPLIST_FILE = Demo/Info.plist;
				LD_RUNPATH_SEARCH_PATHS = (
					"$(inherited)",
					"@executable_path/../Frameworks",
				);
				PRODUCT_BUNDLE_IDENTIFIER = com.Demo;
				PRODUCT_NAME = "$(TARGET_NAME)";
			};
			name = Debug;
		};
		52D53C71243EF91B00179925 /* Release */ = {
			isa = XCBuildConfiguration;
			buildSettings = {
				ASSETCATALOG_COMPILER_APPICON_NAME = AppIcon;
				CODE_SIGN_ENTITLEMENTS = Demo/Demo.entitlements;
				CODE_SIGN_STYLE = Automatic;
				COMBINE_HIDPI_IMAGES = YES;
				INFOPLIST_FILE = Demo/Info.plist;
				LD_RUNPATH_SEARCH_PATHS = (
					"$(inherited)",
					"@executable_path/../Frameworks",
				);
				PRODUCT_BUNDLE_IDENTIFIER = com.Demo;
				PRODUCT_NAME = "$(TARGET_NAME)";
			};
			name = Release;
		};
		85520835243E25F0002ACE11 /* Debug */ = {
			isa = XCBuildConfiguration;
			buildSettings = {
				ALWAYS_SEARCH_USER_PATHS = NO;
				CLANG_ANALYZER_NONNULL = YES;
				CLANG_ANALYZER_NUMBER_OBJECT_CONVERSION = YES_AGGRESSIVE;
				CLANG_CXX_LANGUAGE_STANDARD = "gnu++14";
				CLANG_CXX_LIBRARY = "libc++";
				CLANG_ENABLE_MODULES = YES;
				CLANG_ENABLE_OBJC_ARC = YES;
				CLANG_ENABLE_OBJC_WEAK = YES;
				CLANG_WARN_BLOCK_CAPTURE_AUTORELEASING = YES;
				CLANG_WARN_BOOL_CONVERSION = YES;
				CLANG_WARN_COMMA = YES;
				CLANG_WARN_CONSTANT_CONVERSION = YES;
				CLANG_WARN_DEPRECATED_OBJC_IMPLEMENTATIONS = YES;
				CLANG_WARN_DIRECT_OBJC_ISA_USAGE = YES_ERROR;
				CLANG_WARN_DOCUMENTATION_COMMENTS = YES;
				CLANG_WARN_EMPTY_BODY = YES;
				CLANG_WARN_ENUM_CONVERSION = YES;
				CLANG_WARN_INFINITE_RECURSION = YES;
				CLANG_WARN_INT_CONVERSION = YES;
				CLANG_WARN_NON_LITERAL_NULL_CONVERSION = YES;
				CLANG_WARN_OBJC_IMPLICIT_RETAIN_SELF = YES;
				CLANG_WARN_OBJC_LITERAL_CONVERSION = YES;
				CLANG_WARN_OBJC_ROOT_CLASS = YES_ERROR;
				CLANG_WARN_RANGE_LOOP_ANALYSIS = YES;
				CLANG_WARN_STRICT_PROTOTYPES = YES;
				CLANG_WARN_SUSPICIOUS_MOVE = YES;
				CLANG_WARN_UNGUARDED_AVAILABILITY = YES_AGGRESSIVE;
				CLANG_WARN_UNREACHABLE_CODE = YES;
				CLANG_WARN__DUPLICATE_METHOD_MATCH = YES;
				COPY_PHASE_STRIP = NO;
				DEBUG_INFORMATION_FORMAT = dwarf;
				ENABLE_STRICT_OBJC_MSGSEND = YES;
				ENABLE_TESTABILITY = YES;
				GCC_C_LANGUAGE_STANDARD = gnu11;
				GCC_DYNAMIC_NO_PIC = NO;
				GCC_NO_COMMON_BLOCKS = YES;
				GCC_OPTIMIZATION_LEVEL = 0;
				GCC_PREPROCESSOR_DEFINITIONS = (
					"DEBUG=1",
					"$(inherited)",
				);
				GCC_WARN_64_TO_32_BIT_CONVERSION = YES;
				GCC_WARN_ABOUT_RETURN_TYPE = YES_ERROR;
				GCC_WARN_UNDECLARED_SELECTOR = YES;
				GCC_WARN_UNINITIALIZED_AUTOS = YES_AGGRESSIVE;
				GCC_WARN_UNUSED_FUNCTION = YES;
				GCC_WARN_UNUSED_VARIABLE = YES;
				MACOSX_DEPLOYMENT_TARGET = 10.15;
				MTL_ENABLE_DEBUG_INFO = INCLUDE_SOURCE;
				MTL_FAST_MATH = YES;
				ONLY_ACTIVE_ARCH = YES;
				SDKROOT = macosx;
			};
			name = Debug;
		};
		85520836243E25F0002ACE11 /* Release */ = {
			isa = XCBuildConfiguration;
			buildSettings = {
				ALWAYS_SEARCH_USER_PATHS = NO;
				CLANG_ANALYZER_NONNULL = YES;
				CLANG_ANALYZER_NUMBER_OBJECT_CONVERSION = YES_AGGRESSIVE;
				CLANG_CXX_LANGUAGE_STANDARD = "gnu++14";
				CLANG_CXX_LIBRARY = "libc++";
				CLANG_ENABLE_MODULES = YES;
				CLANG_ENABLE_OBJC_ARC = YES;
				CLANG_ENABLE_OBJC_WEAK = YES;
				CLANG_WARN_BLOCK_CAPTURE_AUTORELEASING = YES;
				CLANG_WARN_BOOL_CONVERSION = YES;
				CLANG_WARN_COMMA = YES;
				CLANG_WARN_CONSTANT_CONVERSION = YES;
				CLANG_WARN_DEPRECATED_OBJC_IMPLEMENTATIONS = YES;
				CLANG_WARN_DIRECT_OBJC_ISA_USAGE = YES_ERROR;
				CLANG_WARN_DOCUMENTATION_COMMENTS = YES;
				CLANG_WARN_EMPTY_BODY = YES;
				CLANG_WARN_ENUM_CONVERSION = YES;
				CLANG_WARN_INFINITE_RECURSION = YES;
				CLANG_WARN_INT_CONVERSION = YES;
				CLANG_WARN_NON_LITERAL_NULL_CONVERSION = YES;
				CLANG_WARN_OBJC_IMPLICIT_RETAIN_SELF = YES;
				CLANG_WARN_OBJC_LITERAL_CONVERSION = YES;
				CLANG_WARN_OBJC_ROOT_CLASS = YES_ERROR;
				CLANG_WARN_RANGE_LOOP_ANALYSIS = YES;
				CLANG_WARN_STRICT_PROTOTYPES = YES;
				CLANG_WARN_SUSPICIOUS_MOVE = YES;
				CLANG_WARN_UNGUARDED_AVAILABILITY = YES_AGGRESSIVE;
				CLANG_WARN_UNREACHABLE_CODE = YES;
				CLANG_WARN__DUPLICATE_METHOD_MATCH = YES;
				COPY_PHASE_STRIP = NO;
				DEBUG_INFORMATION_FORMAT = "dwarf-with-dsym";
				ENABLE_NS_ASSERTIONS = NO;
				ENABLE_STRICT_OBJC_MSGSEND = YES;
				GCC_C_LANGUAGE_STANDARD = gnu11;
				GCC_NO_COMMON_BLOCKS = YES;
				GCC_WARN_64_TO_32_BIT_CONVERSION = YES;
				GCC_WARN_ABOUT_RETURN_TYPE = YES_ERROR;
				GCC_WARN_UNDECLARED_SELECTOR = YES;
				GCC_WARN_UNINITIALIZED_AUTOS = YES_AGGRESSIVE;
				GCC_WARN_UNUSED_FUNCTION = YES;
				GCC_WARN_UNUSED_VARIABLE = YES;
				MACOSX_DEPLOYMENT_TARGET = 10.15;
				MTL_ENABLE_DEBUG_INFO = NO;
				MTL_FAST_MATH = YES;
				SDKROOT = macosx;
			};
			name = Release;
		};
		85520838243E25F0002ACE11 /* Debug */ = {
			isa = XCBuildConfiguration;
			buildSettings = {
				CODE_SIGN_STYLE = Automatic;
				DEVELOPMENT_TEAM = PXL86E7953;
				ENABLE_HARDENED_RUNTIME = YES;
				PRODUCT_NAME = "$(TARGET_NAME)";
			};
			name = Debug;
		};
		85520839243E25F0002ACE11 /* Release */ = {
			isa = XCBuildConfiguration;
			buildSettings = {
				CODE_SIGN_STYLE = Automatic;
				DEVELOPMENT_TEAM = PXL86E7953;
				ENABLE_HARDENED_RUNTIME = YES;
				PRODUCT_NAME = "$(TARGET_NAME)";
			};
			name = Release;
		};
/* End XCBuildConfiguration section */

/* Begin XCConfigurationList section */
		52D53C72243EF91B00179925 /* Build configuration list for PBXNativeTarget "Demo" */ = {
			isa = XCConfigurationList;
			buildConfigurations = (
				52D53C70243EF91B00179925 /* Debug */,
				52D53C71243EF91B00179925 /* Release */,
			);
			defaultConfigurationIsVisible = 0;
			defaultConfigurationName = Release;
		};
		8552082B243E25F0002ACE11 /* Build configuration list for PBXProject "PLTask" */ = {
			isa = XCConfigurationList;
			buildConfigurations = (
				85520835243E25F0002ACE11 /* Debug */,
				85520836243E25F0002ACE11 /* Release */,
			);
			defaultConfigurationIsVisible = 0;
			defaultConfigurationName = Release;
		};
		85520837243E25F0002ACE11 /* Build configuration list for PBXNativeTarget "PLTask" */ = {
			isa = XCConfigurationList;
			buildConfigurations = (
				85520838243E25F0002ACE11 /* Debug */,
				85520839243E25F0002ACE11 /* Release */,
			);
			defaultConfigurationIsVisible = 0;
			defaultConfigurationName = Release;
		};
/* End XCConfigurationList section */
	};
	rootObject = 85520828243E25F0002ACE11 /* Project object */;
}
